{
  "name": "marhaba---algerian-desert-tourism",
  "version": "0.0.0",
  "lockfileVersion": 2,
  "requires": true,
  "packages": {
    "": {
      "name": "marhaba---algerian-desert-tourism",
      "version": "0.0.0",
      "dependencies": {
        "react": "^19.2.0",
        "react-dom": "^19.2.0",
        "react-router-dom": "^7.9.4",
        "lucide-react": "^0.548.0",
        "recharts": "^3.3.0",
        "jspdf": "^2.5.1",
        "html2canvas": "^1.4.1"
      },
      "devDependencies": {
        "@types/node": "^22.14.0",
        "@vitejs/plugin-react": "^5.0.0",
        "typescript": "~5.8.2",
        "vite": "^6.2.0"
      }
    }
  },
  "dependencies": {
    "react": {
      "version": "^19.2.0"
    },
    "react-dom": {
      "version": "^19.2.0"
    },
    "react-router-dom": {
      "version": "^7.9.4"
    },
    "lucide-react": {
      "version": "^0.548.0"
    },
    "recharts": {
      "version": "^3.3.0"
    },
    "jspdf": {
      "version": "^2.5.1"
    },
    "html2canvas": {
      "version": "^1.4.1"
    },
    "@types/node": {
      "version": "^22.14.0"
    },
    "@vitejs/plugin-react": {
      "version": "^5.0.0"
    },
    "typescript": {
      "version": "~5.8.2"
    },
    "vite": {
      "version": "^6.2.0"
    }
  }
}
